
Microsoft Visual Studio Solution File, Format Version 12.00
# Visual Studio Version 17
VisualStudioVersion = 17.3.32811.315
MinimumVisualStudioVersion = 10.0.40219.1
Project("{FAE04EC0-301F-11D3-BF4B-00C04F79EFBC}") = "prjMvcDemo", "prjMvcDemo\prjMvcDemo.csproj", "{30F6C518-0667-4C94-86A7-2AAA62866C14}"
EndProject
Global
	GlobalSection(SolutionConfigurationPlatforms) = preSolution
		Debug|Any CPU = Debug|Any CPU
		Release|Any CPU = Release|Any CPU
	EndGlobalSection
	GlobalSection(ProjectConfigurationPlatforms) = postSolution
		{30F6C518-0667-4C94-86A7-2AAA62866C14}.Debug|Any CPU.ActiveCfg = Debug|Any CPU
		{30F6C518-0667-4C94-86A7-2AAA62866C14}.Debug|Any CPU.Build.0 = Debug|Any CPU
		{30F6C518-0667-4C94-86A7-2AAA62866C14}.Release|Any CPU.ActiveCfg = Release|Any CPU
		{30F6C518-0667-4C94-86A7-2AAA62866C14}.Release|Any CPU.Build.0 = Release|Any CPU
	EndGlobalSection
	GlobalSection(SolutionProperties) = preSolution
		HideSolutionNode = FALSE
	EndGlobalSection
	GlobalSection(ExtensibilityGlobals) = postSolution
		SolutionGuid = {F40636C1-607E-4FBC-AFCD-87B3B184D6A0}
	EndGlobalSection
EndGlobal
